
Microsoft Visual Studio Solution File, Format Version 12.00
# Visual Studio Version 16
VisualStudioVersion = 16.0.29102.190
MinimumVisualStudioVersion = 10.0.40219.1
Project("{9A19103F-16F7-4668-BE54-9A1E7A4F7556}") = "PF.Dominio", "PF.Dominio\PF.Dominio.csproj", "{AF9D2470-2A15-4C99-BD90-A9F72C9B72BF}"
EndProject
Project("{9A19103F-16F7-4668-BE54-9A1E7A4F7556}") = "PF.Persistencia", "PF.Persistencia\PF.Persistencia.csproj", "{F4CCC0C1-E5C8-49E2-8782-22E4B62A422D}"
EndProject
Project("{9A19103F-16F7-4668-BE54-9A1E7A4F7556}") = "PF.Presentacion", "PF.Presentacion\PF.Presentacion.csproj", "{B5212E80-4915-42A0-9343-6F258623B5E4}"
EndProject
Global
	GlobalSection(SolutionConfigurationPlatforms) = preSolution
		Debug|Any CPU = Debug|Any CPU
		Release|Any CPU = Release|Any CPU
	EndGlobalSection
	GlobalSection(ProjectConfigurationPlatforms) = postSolution
		{AF9D2470-2A15-4C99-BD90-A9F72C9B72BF}.Debug|Any CPU.ActiveCfg = Debug|Any CPU
		{AF9D2470-2A15-4C99-BD90-A9F72C9B72BF}.Debug|Any CPU.Build.0 = Debug|Any CPU
		{AF9D2470-2A15-4C99-BD90-A9F72C9B72BF}.Release|Any CPU.ActiveCfg = Release|Any CPU
		{AF9D2470-2A15-4C99-BD90-A9F72C9B72BF}.Release|Any CPU.Build.0 = Release|Any CPU
		{F4CCC0C1-E5C8-49E2-8782-22E4B62A422D}.Debug|Any CPU.ActiveCfg = Debug|Any CPU
		{F4CCC0C1-E5C8-49E2-8782-22E4B62A422D}.Debug|Any CPU.Build.0 = Debug|Any CPU
		{F4CCC0C1-E5C8-49E2-8782-22E4B62A422D}.Release|Any CPU.ActiveCfg = Release|Any CPU
		{F4CCC0C1-E5C8-49E2-8782-22E4B62A422D}.Release|Any CPU.Build.0 = Release|Any CPU
		{B5212E80-4915-42A0-9343-6F258623B5E4}.Debug|Any CPU.ActiveCfg = Debug|Any CPU
		{B5212E80-4915-42A0-9343-6F258623B5E4}.Debug|Any CPU.Build.0 = Debug|Any CPU
		{B5212E80-4915-42A0-9343-6F258623B5E4}.Release|Any CPU.ActiveCfg = Release|Any CPU
		{B5212E80-4915-42A0-9343-6F258623B5E4}.Release|Any CPU.Build.0 = Release|Any CPU
	EndGlobalSection
	GlobalSection(SolutionProperties) = preSolution
		HideSolutionNode = FALSE
	EndGlobalSection
	GlobalSection(ExtensibilityGlobals) = postSolution
		SolutionGuid = {A31E1092-57CA-427F-818F-E0627BB0B231}
	EndGlobalSection
EndGlobal
